
Microsoft Visual Studio Solution File, Format Version 12.00
# Visual Studio Version 18
VisualStudioVersion = 18.3.11408.92 d18.3
MinimumVisualStudioVersion = 10.0.40219.1
Project("{FAE04EC0-301F-11D3-BF4B-00C04F79EFBC}") = "BE_QLKH", "BE_QLKH.csproj", "{FC954CE7-2125-12F3-619E-246CC126ADAA}"
EndProject
Global
	GlobalSection(SolutionConfigurationPlatforms) = preSolution
		Debug|Any CPU = Debug|Any CPU
		Release|Any CPU = Release|Any CPU
	EndGlobalSection
	GlobalSection(ProjectConfigurationPlatforms) = postSolution
		{FC954CE7-2125-12F3-619E-246CC126ADAA}.Debug|Any CPU.ActiveCfg = Debug|Any CPU
		{FC954CE7-2125-12F3-619E-246CC126ADAA}.Debug|Any CPU.Build.0 = Debug|Any CPU
		{FC954CE7-2125-12F3-619E-246CC126ADAA}.Release|Any CPU.ActiveCfg = Release|Any CPU
		{FC954CE7-2125-12F3-619E-246CC126ADAA}.Release|Any CPU.Build.0 = Release|Any CPU
	EndGlobalSection
	GlobalSection(SolutionProperties) = preSolution
		HideSolutionNode = FALSE
	EndGlobalSection
	GlobalSection(ExtensibilityGlobals) = postSolution
		SolutionGuid = {EF2F2A41-B2AF-4F16-958E-40B0659D0444}
	EndGlobalSection
EndGlobal
